// !$*UTF8*$!
{
	archiveVersion = 1;
	classes = {
	};
	objectVersion = 48;
	objects = {

/* Begin PBXBuildFile section */
		B37EF95D206E408800363571 /* AppDelegate.swift in Sources */ = {isa = PBXBuildFile; fileRef = B37EF95C206E408800363571 /* AppDelegate.swift */; };
		B37EF95F206E408800363571 /* ViewController.swift in Sources */ = {isa = PBXBuildFile; fileRef = B37EF95E206E408800363571 /* ViewController.swift */; };
		B37EF962206E408800363571 /* Main.storyboard in Resources */ = {isa = PBXBuildFile; fileRef = B37EF960206E408800363571 /* Main.storyboard */; };
		B37EF964206E408800363571 /* Assets.xcassets in Resources */ = {isa = PBXBuildFile; fileRef = B37EF963206E408800363571 /* Assets.xcassets */; };
		B37EF967206E408800363571 /* LaunchScreen.storyboard in Resources */ = {isa = PBXBuildFile; fileRef = B37EF965206E408800363571 /* LaunchScreen.storyboard */; };
		B37EF973206E67EA00363571 /* RoundButton.swift in Sources */ = {isa = PBXBuildFile; fileRef = B37EF972206E67EA00363571 /* RoundButton.swift */; };
		B37EF979206EB52900363571 /* icons8-plus-math.png in Resources */ = {isa = PBXBuildFile; fileRef = B37EF978206EB52900363571 /* icons8-plus-math.png */; };
		B37EF97D206EBEA900363571 /* CircleMenu.swift in Sources */ = {isa = PBXBuildFile; fileRef = B37EF97C206EBEA900363571 /* CircleMenu.swift */; };
		B37EF97F206FA1D200363571 /* settings.png in Resources */ = {isa = PBXBuildFile; fileRef = B37EF97E206FA1D200363571 /* settings.png */; };
		B37EF9812070CA6500363571 /* reset.png in Resources */ = {isa = PBXBuildFile; fileRef = B37EF9802070CA6500363571 /* reset.png */; };
/* End PBXBuildFile section */

/* Begin PBXFileReference section */
		B37EF959206E408800363571 /* MyaddButton.app */ = {isa = PBXFileReference; explicitFileType = wrapper.application; includeInIndex = 0; path = MyaddButton.app; sourceTree = BUILT_PRODUCTS_DIR; };
		B37EF95C206E408800363571 /* AppDelegate.swift */ = {isa = PBXFileReference; lastKnownFileType = sourcecode.swift; path = AppDelegate.swift; sourceTree = "<group>"; };
		B37EF95E206E408800363571 /* ViewController.swift */ = {isa = PBXFileReference; lastKnownFileType = sourcecode.swift; path = ViewController.swift; sourceTree = "<group>"; };
		B37EF961206E408800363571 /* Base */ = {isa = PBXFileReference; lastKnownFileType = file.storyboard; name = Base; path = Base.lproj/Main.storyboard; sourceTree = "<group>"; };
		B37EF963206E408800363571 /* Assets.xcassets */ = {isa = PBXFileReference; lastKnownFileType = folder.assetcatalog; path = Assets.xcassets; sourceTree = "<group>"; };
		B37EF966206E408800363571 /* Base */ = {isa = PBXFileReference; lastKnownFileType = file.storyboard; name = Base; path = Base.lproj/LaunchScreen.storyboard; sourceTree = "<group>"; };
		B37EF968206E408800363571 /* Info.plist */ = {isa = PBXFileReference; lastKnownFileType = text.plist.xml; path = Info.plist; sourceTree = "<group>"; };
		B37EF972206E67EA00363571 /* RoundButton.swift */ = {isa = PBXFileReference; lastKnownFileType = sourcecode.swift; path = RoundButton.swift; sourceTree = "<group>"; };
		B37EF978206EB52900363571 /* icons8-plus-math.png */ = {isa = PBXFileReference; lastKnownFileType = image.png; path = "icons8-plus-math.png"; sourceTree = "<group>"; };
		B37EF97C206EBEA900363571 /* CircleMenu.swift */ = {isa = PBXFileReference; lastKnownFileType = sourcecode.swift; path = CircleMenu.swift; sourceTree = "<group>"; };
		B37EF97E206FA1D200363571 /* settings.png */ = {isa = PBXFileReference; lastKnownFileType = image.png; path = settings.png; sourceTree = "<group>"; };
		B37EF9802070CA6500363571 /* reset.png */ = {isa = PBXFileReference; lastKnownFileType = image.png; path = reset.png; sourceTree = "<group>"; };
/* End PBXFileReference section */

/* Begin PBXFrameworksBuildPhase section */
		B37EF956206E408800363571 /* Frameworks */ = {
			isa = PBXFrameworksBuildPhase;
			buildActionMask = 2147483647;
			files = (
			);
			runOnlyForDeploymentPostprocessing = 0;
		};
/* End PBXFrameworksBuildPhase section */

/* Begin PBXGroup section */
		B37EF950206E408800363571 = {
			isa = PBXGroup;
			children = (
				B37EF95B206E408800363571 /* MyaddButton */,
				B37EF95A206E408800363571 /* Products */,
			);
			sourceTree = "<group>";
		};
		B37EF95A206E408800363571 /* Products */ = {
			isa = PBXGroup;
			children = (
				B37EF959206E408800363571 /* MyaddButton.app */,
			);
			name = Products;
			sourceTree = "<group>";
		};
		B37EF95B206E408800363571 /* MyaddButton */ = {
			isa = PBXGroup;
			children = (
				B37EF95C206E408800363571 /* AppDelegate.swift */,
				B37EF95E206E408800363571 /* ViewController.swift */,
				B37EF972206E67EA00363571 /* RoundButton.swift */,
				B37EF97C206EBEA900363571 /* CircleMenu.swift */,
				B37EF960206E408800363571 /* Main.storyboard */,
				B37EF963206E408800363571 /* Assets.xcassets */,
				B37EF97E206FA1D200363571 /* settings.png */,
				B37EF9802070CA6500363571 /* reset.png */,
				B37EF978206EB52900363571 /* icons8-plus-math.png */,
				B37EF965206E408800363571 /* LaunchScreen.storyboard */,
				B37EF968206E408800363571 /* Info.plist */,
			);
			path = MyaddButton;
			sourceTree = "<group>";
		};
/* End PBXGroup section */

/* Begin PBXNativeTarget section */
		B37EF958206E408800363571 /* MyaddButton */ = {
			isa = PBXNativeTarget;
			buildConfigurationList = B37EF96B206E408800363571 /* Build configuration list for PBXNativeTarget "MyaddButton" */;
			buildPhases = (
				B37EF955206E408800363571 /* Sources */,
				B37EF956206E408800363571 /* Frameworks */,
				B37EF957206E408800363571 /* Resources */,
			);
			buildRules = (
			);
			dependencies = (
			);
			name = MyaddButton;
			productName = MyaddButton;
			productReference = B37EF959206E408800363571 /* MyaddButton.app */;
			productType = "com.apple.product-type.application";
		};
/* End PBXNativeTarget section */

/* Begin PBXProject section */
		B37EF951206E408800363571 /* Project object */ = {
			isa = PBXProject;
			attributes = {
				LastSwiftUpdateCheck = 0920;
				LastUpgradeCheck = 0920;
				ORGANIZATIONNAME = "Mateusz Matejczyk";
				TargetAttributes = {
					B37EF958206E408800363571 = {
						CreatedOnToolsVersion = 9.2;
						ProvisioningStyle = Automatic;
					};
				};
			};
			buildConfigurationList = B37EF954206E408800363571 /* Build configuration list for PBXProject "MyaddButton" */;
			compatibilityVersion = "Xcode 8.0";
			developmentRegion = en;
			hasScannedForEncodings = 0;
			knownRegions = (
				en,
				Base,
			);
			mainGroup = B37EF950206E408800363571;
			productRefGroup = B37EF95A206E408800363571 /* Products */;
			projectDirPath = "";
			projectRoot = "";
			targets = (
				B37EF958206E408800363571 /* MyaddButton */,
			);
		};
/* End PBXProject section */

/* Begin PBXResourcesBuildPhase section */
		B37EF957206E408800363571 /* Resources */ = {
			isa = PBXResourcesBuildPhase;
			buildActionMask = 2147483647;
			files = (
				B37EF967206E408800363571 /* LaunchScreen.storyboard in Resources */,
				B37EF9812070CA6500363571 /* reset.png in Resources */,
				B37EF97F206FA1D200363571 /* settings.png in Resources */,
				B37EF964206E408800363571 /* Assets.xcassets in Resources */,
				B37EF979206EB52900363571 /* icons8-plus-math.png in Resources */,
				B37EF962206E408800363571 /* Main.storyboard in Resources */,
			);
			runOnlyForDeploymentPostprocessing = 0;
		};
/* End PBXResourcesBuildPhase section */

/* Begin PBXSourcesBuildPhase section */
		B37EF955206E408800363571 /* Sources */ = {
			isa = PBXSourcesBuildPhase;
			buildActionMask = 2147483647;
			files = (
				B37EF973206E67EA00363571 /* RoundButton.swift in Sources */,
				B37EF95F206E408800363571 /* ViewController.swift in Sources */,
				B37EF95D206E408800363571 /* AppDelegate.swift in Sources */,
				B37EF97D206EBEA900363571 /* CircleMenu.swift in Sources */,
			);
			runOnlyForDeploymentPostprocessing = 0;
		};
/* End PBXSourcesBuildPhase section */

/* Begin PBXVariantGroup section */
		B37EF960206E408800363571 /* Main.storyboard */ = {
			isa = PBXVariantGroup;
			children = (
				B37EF961206E408800363571 /* Base */,
			);
			name = Main.storyboard;
			sourceTree = "<group>";
		};
		B37EF965206E408800363571 /* LaunchScreen.storyboard */ = {
			isa = PBXVariantGroup;
			children = (
				B37EF966206E408800363571 /* Base */,
			);
			name = LaunchScreen.storyboard;
			sourceTree = "<group>";
		};
/* End PBXVariantGroup section */

/* Begin XCBuildConfiguration section */
		B37EF969206E408800363571 /* Debug */ = {
			isa = XCBuildConfiguration;
			buildSettings = {
				ALWAYS_SEARCH_USER_PATHS = NO;
				CLANG_ANALYZER_NONNULL = YES;
				CLANG_ANALYZER_NUMBER_OBJECT_CONVERSION = YES_AGGRESSIVE;
				CLANG_CXX_LANGUAGE_STANDARD = "gnu++14";
				CLANG_CXX_LIBRARY = "libc++";
				CLANG_ENABLE_MODULES = YES;
				CLANG_ENABLE_OBJC_ARC = YES;
				CLANG_WARN_BLOCK_CAPTURE_AUTORELEASING = YES;
				CLANG_WARN_BOOL_CONVERSION = YES;
				CLANG_WARN_COMMA = YES;
				CLANG_WARN_CONSTANT_CONVERSION = YES;
				CLANG_WARN_DIRECT_OBJC_ISA_USAGE = YES_ERROR;
				CLANG_WARN_DOCUMENTATION_COMMENTS = YES;
				CLANG_WARN_EMPTY_BODY = YES;
				CLANG_WARN_ENUM_CONVERSION = YES;
				CLANG_WARN_INFINITE_RECURSION = YES;
				CLANG_WARN_INT_CONVERSION = YES;
				CLANG_WARN_NON_LITERAL_NULL_CONVERSION = YES;
				CLANG_WARN_OBJC_LITERAL_CONVERSION = YES;
				CLANG_WARN_OBJC_ROOT_CLASS = YES_ERROR;
				CLANG_WARN_RANGE_LOOP_ANALYSIS = YES;
				CLANG_WARN_STRICT_PROTOTYPES = YES;
				CLANG_WARN_SUSPICIOUS_MOVE = YES;
				CLANG_WARN_UNGUARDED_AVAILABILITY = YES_AGGRESSIVE;
				CLANG_WARN_UNREACHABLE_CODE = YES;
				CLANG_WARN__DUPLICATE_METHOD_MATCH = YES;
				CODE_SIGN_IDENTITY = "iPhone Developer";
				COPY_PHASE_STRIP = NO;
				DEBUG_INFORMATION_FORMAT = dwarf;
				ENABLE_STRICT_OBJC_MSGSEND = YES;
				ENABLE_TESTABILITY = YES;
				GCC_C_LANGUAGE_STANDARD = gnu11;
				GCC_DYNAMIC_NO_PIC = NO;
				GCC_NO_COMMON_BLOCKS = YES;
				GCC_OPTIMIZATION_LEVEL = 0;
				GCC_PREPROCESSOR_DEFINITIONS = (
					"DEBUG=1",
					"$(inherited)",
				);
				GCC_WARN_64_TO_32_BIT_CONVERSION = YES;
				GCC_WARN_ABOUT_RETURN_TYPE = YES_ERROR;
				GCC_WARN_UNDECLARED_SELECTOR = YES;
				GCC_WARN_UNINITIALIZED_AUTOS = YES_AGGRESSIVE;
				GCC_WARN_UNUSED_FUNCTION = YES;
				GCC_WARN_UNUSED_VARIABLE = YES;
				IPHONEOS_DEPLOYMENT_TARGET = 11.2;
				MTL_ENABLE_DEBUG_INFO = YES;
				ONLY_ACTIVE_ARCH = YES;
				SDKROOT = iphoneos;
				SWIFT_ACTIVE_COMPILATION_CONDITIONS = DEBUG;
				SWIFT_OPTIMIZATION_LEVEL = "-Onone";
			};
			name = Debug;
		};
		B37EF96A206E408800363571 /* Release */ = {
			isa = XCBuildConfiguration;
			buildSettings = {
				ALWAYS_SEARCH_USER_PATHS = NO;
				CLANG_ANALYZER_NONNULL = YES;
				CLANG_ANALYZER_NUMBER_OBJECT_CONVERSION = YES_AGGRESSIVE;
				CLANG_CXX_LANGUAGE_STANDARD = "gnu++14";
				CLANG_CXX_LIBRARY = "libc++";
				CLANG_ENABLE_MODULES = YES;
				CLANG_ENABLE_OBJC_ARC = YES;
				CLANG_WARN_BLOCK_CAPTURE_AUTORELEASING = YES;
				CLANG_WARN_BOOL_CONVERSION = YES;
				CLANG_WARN_COMMA = YES;
				CLANG_WARN_CONSTANT_CONVERSION = YES;
				CLANG_WARN_DIRECT_OBJC_ISA_USAGE = YES_ERROR;
				CLANG_WARN_DOCUMENTATION_COMMENTS = YES;
				CLANG_WARN_EMPTY_BODY = YES;
				CLANG_WARN_ENUM_CONVERSION = YES;
				CLANG_WARN_INFINITE_RECURSION = YES;
				CLANG_WARN_INT_CONVERSION = YES;
				CLANG_WARN_NON_LITERAL_NULL_CONVERSION = YES;
				CLANG_WARN_OBJC_LITERAL_CONVERSION = YES;
				CLANG_WARN_OBJC_ROOT_CLASS = YES_ERROR;
				CLANG_WARN_RANGE_LOOP_ANALYSIS = YES;
				CLANG_WARN_STRICT_PROTOTYPES = YES;
				CLANG_WARN_SUSPICIOUS_MOVE = YES;
				CLANG_WARN_UNGUARDED_AVAILABILITY = YES_AGGRESSIVE;
				CLANG_WARN_UNREACHABLE_CODE = YES;
				CLANG_WARN__DUPLICATE_METHOD_MATCH = YES;
				CODE_SIGN_IDENTITY = "iPhone Developer";
				COPY_PHASE_STRIP = NO;
				DEBUG_INFORMATION_FORMAT = "dwarf-with-dsym";
				ENABLE_NS_ASSERTIONS = NO;
				ENABLE_STRICT_OBJC_MSGSEND = YES;
				GCC_C_LANGUAGE_STANDARD = gnu11;
				GCC_NO_COMMON_BLOCKS = YES;
				GCC_WARN_64_TO_32_BIT_CONVERSION = YES;
				GCC_WARN_ABOUT_RETURN_TYPE = YES_ERROR;
				GCC_WARN_UNDECLARED_SELECTOR = YES;
				GCC_WARN_UNINITIALIZED_AUTOS = YES_AGGRESSIVE;
				GCC_WARN_UNUSED_FUNCTION = YES;
				GCC_WARN_UNUSED_VARIABLE = YES;
				IPHONEOS_DEPLOYMENT_TARGET = 11.2;
				MTL_ENABLE_DEBUG_INFO = NO;
				SDKROOT = iphoneos;
				SWIFT_OPTIMIZATION_LEVEL = "-Owholemodule";
				VALIDATE_PRODUCT = YES;
			};
			name = Release;
		};
		B37EF96C206E408800363571 /* Debug */ = {
			isa = XCBuildConfiguration;
			buildSettings = {
				ASSETCATALOG_COMPILER_APPICON_NAME = AppIcon;
				CODE_SIGN_STYLE = Automatic;
				DEVELOPMENT_TEAM = 8A9F9TMHD3;
				INFOPLIST_FILE = MyaddButton/Info.plist;
				LD_RUNPATH_SEARCH_PATHS = "$(inherited) @executable_path/Frameworks";
				PRODUCT_BUNDLE_IDENTIFIER = Matejczyk.MyaddButton;
				PRODUCT_NAME = "$(TARGET_NAME)";
				SWIFT_VERSION = 4.0;
				TARGETED_DEVICE_FAMILY = "1,2";
			};
			name = Debug;
		};
		B37EF96D206E408800363571 /* Release */ = {
			isa = XCBuildConfiguration;
			buildSettings = {
				ASSETCATALOG_COMPILER_APPICON_NAME = AppIcon;
				CODE_SIGN_STYLE = Automatic;
				DEVELOPMENT_TEAM = 8A9F9TMHD3;
				INFOPLIST_FILE = MyaddButton/Info.plist;
				LD_RUNPATH_SEARCH_PATHS = "$(inherited) @executable_path/Frameworks";
				PRODUCT_BUNDLE_IDENTIFIER = Matejczyk.MyaddButton;
				PRODUCT_NAME = "$(TARGET_NAME)";
				SWIFT_VERSION = 4.0;
				TARGETED_DEVICE_FAMILY = "1,2";
			};
			name = Release;
		};
/* End XCBuildConfiguration section */

/* Begin XCConfigurationList section */
		B37EF954206E408800363571 /* Build configuration list for PBXProject "MyaddButton" */ = {
			isa = XCConfigurationList;
			buildConfigurations = (
				B37EF969206E408800363571 /* Debug */,
				B37EF96A206E408800363571 /* Release */,
			);
			defaultConfigurationIsVisible = 0;
			defaultConfigurationName = Release;
		};
		B37EF96B206E408800363571 /* Build configuration list for PBXNativeTarget "MyaddButton" */ = {
			isa = XCConfigurationList;
			buildConfigurations = (
				B37EF96C206E408800363571 /* Debug */,
				B37EF96D206E408800363571 /* Release */,
			);
			defaultConfigurationIsVisible = 0;
			defaultConfigurationName = Release;
		};
/* End XCConfigurationList section */
	};
	rootObject = B37EF951206E408800363571 /* Project object */;
}
